
Microsoft Visual Studio Solution File, Format Version 12.00
# Visual Studio Version 16
VisualStudioVersion = 16.0.31624.102
MinimumVisualStudioVersion = 10.0.40219.1
Project("{FAE04EC0-301F-11D3-BF4B-00C04F79EFBC}") = "SignalRAppTry", "SignalRAppTry\SignalRAppTry.csproj", "{C34B2853-17C3-4E9E-AE28-692C66781E4D}"
EndProject
Global
	GlobalSection(SolutionConfigurationPlatforms) = preSolution
		Debug|Any CPU = Debug|Any CPU
		Release|Any CPU = Release|Any CPU
	EndGlobalSection
	GlobalSection(ProjectConfigurationPlatforms) = postSolution
		{C34B2853-17C3-4E9E-AE28-692C66781E4D}.Debug|Any CPU.ActiveCfg = Debug|Any CPU
		{C34B2853-17C3-4E9E-AE28-692C66781E4D}.Debug|Any CPU.Build.0 = Debug|Any CPU
		{C34B2853-17C3-4E9E-AE28-692C66781E4D}.Release|Any CPU.ActiveCfg = Release|Any CPU
		{C34B2853-17C3-4E9E-AE28-692C66781E4D}.Release|Any CPU.Build.0 = Release|Any CPU
	EndGlobalSection
	GlobalSection(SolutionProperties) = preSolution
		HideSolutionNode = FALSE
	EndGlobalSection
	GlobalSection(ExtensibilityGlobals) = postSolution
		SolutionGuid = {400D8B0E-7909-4429-8DE0-477985B6CA26}
	EndGlobalSection
EndGlobal
